
Microsoft Visual Studio Solution File, Format Version 12.00
# Visual Studio Version 17
VisualStudioVersion = 17.3.32819.101
MinimumVisualStudioVersion = 10.0.40219.1
Project("{FAE04EC0-301F-11D3-BF4B-00C04F79EFBC}") = "GiaiPT", "GiaiPT\GiaiPT.csproj", "{D860EC91-60BF-47EE-8D4A-40CF18E6EA99}"
EndProject
Global
	GlobalSection(SolutionConfigurationPlatforms) = preSolution
		Debug|Any CPU = Debug|Any CPU
		Release|Any CPU = Release|Any CPU
	EndGlobalSection
	GlobalSection(ProjectConfigurationPlatforms) = postSolution
		{D860EC91-60BF-47EE-8D4A-40CF18E6EA99}.Debug|Any CPU.ActiveCfg = Debug|Any CPU
		{D860EC91-60BF-47EE-8D4A-40CF18E6EA99}.Debug|Any CPU.Build.0 = Debug|Any CPU
		{D860EC91-60BF-47EE-8D4A-40CF18E6EA99}.Release|Any CPU.ActiveCfg = Release|Any CPU
		{D860EC91-60BF-47EE-8D4A-40CF18E6EA99}.Release|Any CPU.Build.0 = Release|Any CPU
	EndGlobalSection
	GlobalSection(SolutionProperties) = preSolution
		HideSolutionNode = FALSE
	EndGlobalSection
	GlobalSection(ExtensibilityGlobals) = postSolution
		SolutionGuid = {03E056A8-105E-4C65-8FC1-5F47317DE60C}
	EndGlobalSection
EndGlobal
